
Microsoft Visual Studio Solution File, Format Version 12.00
# Visual Studio Version 17
VisualStudioVersion = 17.0.32002.185
MinimumVisualStudioVersion = 10.0.40219.1
Project("{FAE04EC0-301F-11D3-BF4B-00C04F79EFBC}") = "SELKIE", "SELKIE.csproj", "{D44918CA-7CA0-4049-97D0-824BC6ED3981}"
EndProject
Global
	GlobalSection(SolutionConfigurationPlatforms) = preSolution
		Debug|Any CPU = Debug|Any CPU
		Release|Any CPU = Release|Any CPU
	EndGlobalSection
	GlobalSection(ProjectConfigurationPlatforms) = postSolution
		{D44918CA-7CA0-4049-97D0-824BC6ED3981}.Debug|Any CPU.ActiveCfg = Debug|Any CPU
		{D44918CA-7CA0-4049-97D0-824BC6ED3981}.Debug|Any CPU.Build.0 = Debug|Any CPU
		{D44918CA-7CA0-4049-97D0-824BC6ED3981}.Release|Any CPU.ActiveCfg = Release|Any CPU
		{D44918CA-7CA0-4049-97D0-824BC6ED3981}.Release|Any CPU.Build.0 = Release|Any CPU
	EndGlobalSection
	GlobalSection(SolutionProperties) = preSolution
		HideSolutionNode = FALSE
	EndGlobalSection
	GlobalSection(ExtensibilityGlobals) = postSolution
		SolutionGuid = {0E45045C-B92A-4C23-93BA-61068E11CB98}
	EndGlobalSection
EndGlobal
